// !$*UTF8*$!
{
	archiveVersion = 1;
	classes = {
	};
	objectVersion = 56;
	objects = {

/* Begin PBXBuildFile section */
		86109C7A2C45782A0065C582 /* AddEntry.swift in Sources */ = {isa = PBXBuildFile; fileRef = 86109C792C45782A0065C582 /* AddEntry.swift */; };
		8620FDF82C4036FA00C53933 /* OtherHome.swift in Sources */ = {isa = PBXBuildFile; fileRef = 8620FDF72C4036FA00C53933 /* OtherHome.swift */; };
		863FCFC22C40919B00FDC703 /* JobDataModel.swift in Sources */ = {isa = PBXBuildFile; fileRef = 863FCFC12C40919B00FDC703 /* JobDataModel.swift */; };
		8687606E2C3D939600D8016F /* WorkVineAppApp.swift in Sources */ = {isa = PBXBuildFile; fileRef = 8687606D2C3D939600D8016F /* WorkVineAppApp.swift */; };
		868760702C3D939600D8016F /* ContentView.swift in Sources */ = {isa = PBXBuildFile; fileRef = 8687606F2C3D939600D8016F /* ContentView.swift */; };
		868760722C3D939700D8016F /* Assets.xcassets in Resources */ = {isa = PBXBuildFile; fileRef = 868760712C3D939700D8016F /* Assets.xcassets */; };
		868760752C3D939700D8016F /* Preview Assets.xcassets in Resources */ = {isa = PBXBuildFile; fileRef = 868760742C3D939700D8016F /* Preview Assets.xcassets */; };
		8687607F2C3D939700D8016F /* WorkVineAppTests.swift in Sources */ = {isa = PBXBuildFile; fileRef = 8687607E2C3D939700D8016F /* WorkVineAppTests.swift */; };
		868760892C3D939700D8016F /* WorkVineAppUITests.swift in Sources */ = {isa = PBXBuildFile; fileRef = 868760882C3D939700D8016F /* WorkVineAppUITests.swift */; };
		8687608B2C3D939700D8016F /* WorkVineAppUITestsLaunchTests.swift in Sources */ = {isa = PBXBuildFile; fileRef = 8687608A2C3D939700D8016F /* WorkVineAppUITestsLaunchTests.swift */; };
		868760982C3D941000D8016F /* SignIn.swift in Sources */ = {isa = PBXBuildFile; fileRef = 868760972C3D941000D8016F /* SignIn.swift */; };
		8687609A2C3D945900D8016F /* BusinessEntry.swift in Sources */ = {isa = PBXBuildFile; fileRef = 868760992C3D945900D8016F /* BusinessEntry.swift */; };
		8687609C2C3D947C00D8016F /* StudentHome.swift in Sources */ = {isa = PBXBuildFile; fileRef = 8687609B2C3D947C00D8016F /* StudentHome.swift */; };
		8687609E2C3D949800D8016F /* BusinessHome.swift in Sources */ = {isa = PBXBuildFile; fileRef = 8687609D2C3D949800D8016F /* BusinessHome.swift */; };
		869003842C42BF9400DDF63C /* MyJobs.swift in Sources */ = {isa = PBXBuildFile; fileRef = 869003832C42BF9400DDF63C /* MyJobs.swift */; };
		86956EEE2C4430B200AC0AE9 /* StudentProfile.swift in Sources */ = {isa = PBXBuildFile; fileRef = 86956EED2C4430B200AC0AE9 /* StudentProfile.swift */; };
		AB8477FE2C47A93400CFD363 /* StudentView.swift in Sources */ = {isa = PBXBuildFile; fileRef = AB8477FD2C47A93400CFD363 /* StudentView.swift */; };
		E56EC03B2C442B3900DC96D0 /* BusinessProfile.swift in Sources */ = {isa = PBXBuildFile; fileRef = E56EC03A2C442B3900DC96D0 /* BusinessProfile.swift */; };
/* End PBXBuildFile section */

/* Begin PBXContainerItemProxy section */
		8687607B2C3D939700D8016F /* PBXContainerItemProxy */ = {
			isa = PBXContainerItemProxy;
			containerPortal = 868760622C3D939600D8016F /* Project object */;
			proxyType = 1;
			remoteGlobalIDString = 868760692C3D939600D8016F;
			remoteInfo = WorkVineApp;
		};
		868760852C3D939700D8016F /* PBXContainerItemProxy */ = {
			isa = PBXContainerItemProxy;
			containerPortal = 868760622C3D939600D8016F /* Project object */;
			proxyType = 1;
			remoteGlobalIDString = 868760692C3D939600D8016F;
			remoteInfo = WorkVineApp;
		};
/* End PBXContainerItemProxy section */

/* Begin PBXFileReference section */
		86109C792C45782A0065C582 /* AddEntry.swift */ = {isa = PBXFileReference; lastKnownFileType = sourcecode.swift; path = AddEntry.swift; sourceTree = "<group>"; };
		8620FDF72C4036FA00C53933 /* OtherHome.swift */ = {isa = PBXFileReference; lastKnownFileType = sourcecode.swift; path = OtherHome.swift; sourceTree = "<group>"; };
		863FCFC12C40919B00FDC703 /* JobDataModel.swift */ = {isa = PBXFileReference; lastKnownFileType = sourcecode.swift; path = JobDataModel.swift; sourceTree = "<group>"; };
		8687606A2C3D939600D8016F /* WorkVineApp.app */ = {isa = PBXFileReference; explicitFileType = wrapper.application; includeInIndex = 0; path = WorkVineApp.app; sourceTree = BUILT_PRODUCTS_DIR; };
		8687606D2C3D939600D8016F /* WorkVineAppApp.swift */ = {isa = PBXFileReference; lastKnownFileType = sourcecode.swift; path = WorkVineAppApp.swift; sourceTree = "<group>"; };
		8687606F2C3D939600D8016F /* ContentView.swift */ = {isa = PBXFileReference; lastKnownFileType = sourcecode.swift; path = ContentView.swift; sourceTree = "<group>"; };
		868760712C3D939700D8016F /* Assets.xcassets */ = {isa = PBXFileReference; lastKnownFileType = folder.assetcatalog; path = Assets.xcassets; sourceTree = "<group>"; };
		868760742C3D939700D8016F /* Preview Assets.xcassets */ = {isa = PBXFileReference; lastKnownFileType = folder.assetcatalog; path = "Preview Assets.xcassets"; sourceTree = "<group>"; };
		8687607A2C3D939700D8016F /* WorkVineAppTests.xctest */ = {isa = PBXFileReference; explicitFileType = wrapper.cfbundle; includeInIndex = 0; path = WorkVineAppTests.xctest; sourceTree = BUILT_PRODUCTS_DIR; };
		8687607E2C3D939700D8016F /* WorkVineAppTests.swift */ = {isa = PBXFileReference; lastKnownFileType = sourcecode.swift; path = WorkVineAppTests.swift; sourceTree = "<group>"; };
		868760842C3D939700D8016F /* WorkVineAppUITests.xctest */ = {isa = PBXFileReference; explicitFileType = wrapper.cfbundle; includeInIndex = 0; path = WorkVineAppUITests.xctest; sourceTree = BUILT_PRODUCTS_DIR; };
		868760882C3D939700D8016F /* WorkVineAppUITests.swift */ = {isa = PBXFileReference; lastKnownFileType = sourcecode.swift; path = WorkVineAppUITests.swift; sourceTree = "<group>"; };
		8687608A2C3D939700D8016F /* WorkVineAppUITestsLaunchTests.swift */ = {isa = PBXFileReference; lastKnownFileType = sourcecode.swift; path = WorkVineAppUITestsLaunchTests.swift; sourceTree = "<group>"; };
		868760972C3D941000D8016F /* SignIn.swift */ = {isa = PBXFileReference; lastKnownFileType = sourcecode.swift; path = SignIn.swift; sourceTree = "<group>"; };
		868760992C3D945900D8016F /* BusinessEntry.swift */ = {isa = PBXFileReference; lastKnownFileType = sourcecode.swift; path = BusinessEntry.swift; sourceTree = "<group>"; };
		8687609B2C3D947C00D8016F /* StudentHome.swift */ = {isa = PBXFileReference; lastKnownFileType = sourcecode.swift; path = StudentHome.swift; sourceTree = "<group>"; };
		8687609D2C3D949800D8016F /* BusinessHome.swift */ = {isa = PBXFileReference; lastKnownFileType = sourcecode.swift; path = BusinessHome.swift; sourceTree = "<group>"; };
		869003832C42BF9400DDF63C /* MyJobs.swift */ = {isa = PBXFileReference; lastKnownFileType = sourcecode.swift; path = MyJobs.swift; sourceTree = "<group>"; };
		86956EED2C4430B200AC0AE9 /* StudentProfile.swift */ = {isa = PBXFileReference; lastKnownFileType = sourcecode.swift; path = StudentProfile.swift; sourceTree = "<group>"; };
		AB8477FD2C47A93400CFD363 /* StudentView.swift */ = {isa = PBXFileReference; lastKnownFileType = sourcecode.swift; path = StudentView.swift; sourceTree = "<group>"; };
		E56EC03A2C442B3900DC96D0 /* BusinessProfile.swift */ = {isa = PBXFileReference; lastKnownFileType = sourcecode.swift; path = BusinessProfile.swift; sourceTree = "<group>"; };
/* End PBXFileReference section */

/* Begin PBXFrameworksBuildPhase section */
		868760672C3D939600D8016F /* Frameworks */ = {
			isa = PBXFrameworksBuildPhase;
			buildActionMask = 2147483647;
			files = (
			);
			runOnlyForDeploymentPostprocessing = 0;
		};
		868760772C3D939700D8016F /* Frameworks */ = {
			isa = PBXFrameworksBuildPhase;
			buildActionMask = 2147483647;
			files = (
			);
			runOnlyForDeploymentPostprocessing = 0;
		};
		868760812C3D939700D8016F /* Frameworks */ = {
			isa = PBXFrameworksBuildPhase;
			buildActionMask = 2147483647;
			files = (
			);
			runOnlyForDeploymentPostprocessing = 0;
		};
/* End PBXFrameworksBuildPhase section */

/* Begin PBXGroup section */
		868760612C3D939600D8016F = {
			isa = PBXGroup;
			children = (
				8687606C2C3D939600D8016F /* WorkVineApp */,
				8687607D2C3D939700D8016F /* WorkVineAppTests */,
				868760872C3D939700D8016F /* WorkVineAppUITests */,
				8687606B2C3D939600D8016F /* Products */,
			);
			sourceTree = "<group>";
		};
		8687606B2C3D939600D8016F /* Products */ = {
			isa = PBXGroup;
			children = (
				8687606A2C3D939600D8016F /* WorkVineApp.app */,
				8687607A2C3D939700D8016F /* WorkVineAppTests.xctest */,
				868760842C3D939700D8016F /* WorkVineAppUITests.xctest */,
			);
			name = Products;
			sourceTree = "<group>";
		};
		8687606C2C3D939600D8016F /* WorkVineApp */ = {
			isa = PBXGroup;
			children = (
				8687606D2C3D939600D8016F /* WorkVineAppApp.swift */,
				8687606F2C3D939600D8016F /* ContentView.swift */,
				AB8477FD2C47A93400CFD363 /* StudentView.swift */,
				868760972C3D941000D8016F /* SignIn.swift */,
				E56EC03A2C442B3900DC96D0 /* BusinessProfile.swift */,
				86109C792C45782A0065C582 /* AddEntry.swift */,
				8687609B2C3D947C00D8016F /* StudentHome.swift */,
				863FCFC12C40919B00FDC703 /* JobDataModel.swift */,
				8687609D2C3D949800D8016F /* BusinessHome.swift */,
				869003832C42BF9400DDF63C /* MyJobs.swift */,
				86956EED2C4430B200AC0AE9 /* StudentProfile.swift */,
				8620FDF72C4036FA00C53933 /* OtherHome.swift */,
				868760992C3D945900D8016F /* BusinessEntry.swift */,
				868760712C3D939700D8016F /* Assets.xcassets */,
				868760732C3D939700D8016F /* Preview Content */,
			);
			path = WorkVineApp;
			sourceTree = "<group>";
		};
		868760732C3D939700D8016F /* Preview Content */ = {
			isa = PBXGroup;
			children = (
				868760742C3D939700D8016F /* Preview Assets.xcassets */,
			);
			path = "Preview Content";
			sourceTree = "<group>";
		};
		8687607D2C3D939700D8016F /* WorkVineAppTests */ = {
			isa = PBXGroup;
			children = (
				8687607E2C3D939700D8016F /* WorkVineAppTests.swift */,
			);
			path = WorkVineAppTests;
			sourceTree = "<group>";
		};
		868760872C3D939700D8016F /* WorkVineAppUITests */ = {
			isa = PBXGroup;
			children = (
				868760882C3D939700D8016F /* WorkVineAppUITests.swift */,
				8687608A2C3D939700D8016F /* WorkVineAppUITestsLaunchTests.swift */,
			);
			path = WorkVineAppUITests;
			sourceTree = "<group>";
		};
/* End PBXGroup section */

/* Begin PBXNativeTarget section */
		868760692C3D939600D8016F /* WorkVineApp */ = {
			isa = PBXNativeTarget;
			buildConfigurationList = 8687608E2C3D939700D8016F /* Build configuration list for PBXNativeTarget "WorkVineApp" */;
			buildPhases = (
				868760662C3D939600D8016F /* Sources */,
				868760672C3D939600D8016F /* Frameworks */,
				868760682C3D939600D8016F /* Resources */,
			);
			buildRules = (
			);
			dependencies = (
			);
			name = WorkVineApp;
			productName = WorkVineApp;
			productReference = 8687606A2C3D939600D8016F /* WorkVineApp.app */;
			productType = "com.apple.product-type.application";
		};
		868760792C3D939700D8016F /* WorkVineAppTests */ = {
			isa = PBXNativeTarget;
			buildConfigurationList = 868760912C3D939700D8016F /* Build configuration list for PBXNativeTarget "WorkVineAppTests" */;
			buildPhases = (
				868760762C3D939700D8016F /* Sources */,
				868760772C3D939700D8016F /* Frameworks */,
				868760782C3D939700D8016F /* Resources */,
			);
			buildRules = (
			);
			dependencies = (
				8687607C2C3D939700D8016F /* PBXTargetDependency */,
			);
			name = WorkVineAppTests;
			productName = WorkVineAppTests;
			productReference = 8687607A2C3D939700D8016F /* WorkVineAppTests.xctest */;
			productType = "com.apple.product-type.bundle.unit-test";
		};
		868760832C3D939700D8016F /* WorkVineAppUITests */ = {
			isa = PBXNativeTarget;
			buildConfigurationList = 868760942C3D939700D8016F /* Build configuration list for PBXNativeTarget "WorkVineAppUITests" */;
			buildPhases = (
				868760802C3D939700D8016F /* Sources */,
				868760812C3D939700D8016F /* Frameworks */,
				868760822C3D939700D8016F /* Resources */,
			);
			buildRules = (
			);
			dependencies = (
				868760862C3D939700D8016F /* PBXTargetDependency */,
			);
			name = WorkVineAppUITests;
			productName = WorkVineAppUITests;
			productReference = 868760842C3D939700D8016F /* WorkVineAppUITests.xctest */;
			productType = "com.apple.product-type.bundle.ui-testing";
		};
/* End PBXNativeTarget section */

/* Begin PBXProject section */
		868760622C3D939600D8016F /* Project object */ = {
			isa = PBXProject;
			attributes = {
				BuildIndependentTargetsInParallel = 1;
				LastSwiftUpdateCheck = 1540;
				LastUpgradeCheck = 1540;
				TargetAttributes = {
					868760692C3D939600D8016F = {
						CreatedOnToolsVersion = 15.4;
					};
					868760792C3D939700D8016F = {
						CreatedOnToolsVersion = 15.4;
						TestTargetID = 868760692C3D939600D8016F;
					};
					868760832C3D939700D8016F = {
						CreatedOnToolsVersion = 15.4;
						TestTargetID = 868760692C3D939600D8016F;
					};
				};
			};
			buildConfigurationList = 868760652C3D939600D8016F /* Build configuration list for PBXProject "WorkVineApp" */;
			compatibilityVersion = "Xcode 14.0";
			developmentRegion = en;
			hasScannedForEncodings = 0;
			knownRegions = (
				en,
				Base,
			);
			mainGroup = 868760612C3D939600D8016F;
			productRefGroup = 8687606B2C3D939600D8016F /* Products */;
			projectDirPath = "";
			projectRoot = "";
			targets = (
				868760692C3D939600D8016F /* WorkVineApp */,
				868760792C3D939700D8016F /* WorkVineAppTests */,
				868760832C3D939700D8016F /* WorkVineAppUITests */,
			);
		};
/* End PBXProject section */

/* Begin PBXResourcesBuildPhase section */
		868760682C3D939600D8016F /* Resources */ = {
			isa = PBXResourcesBuildPhase;
			buildActionMask = 2147483647;
			files = (
				868760752C3D939700D8016F /* Preview Assets.xcassets in Resources */,
				868760722C3D939700D8016F /* Assets.xcassets in Resources */,
			);
			runOnlyForDeploymentPostprocessing = 0;
		};
		868760782C3D939700D8016F /* Resources */ = {
			isa = PBXResourcesBuildPhase;
			buildActionMask = 2147483647;
			files = (
			);
			runOnlyForDeploymentPostprocessing = 0;
		};
		868760822C3D939700D8016F /* Resources */ = {
			isa = PBXResourcesBuildPhase;
			buildActionMask = 2147483647;
			files = (
			);
			runOnlyForDeploymentPostprocessing = 0;
		};
/* End PBXResourcesBuildPhase section */

/* Begin PBXSourcesBuildPhase section */
		868760662C3D939600D8016F /* Sources */ = {
			isa = PBXSourcesBuildPhase;
			buildActionMask = 2147483647;
			files = (
				8687609A2C3D945900D8016F /* BusinessEntry.swift in Sources */,
				868760702C3D939600D8016F /* ContentView.swift in Sources */,
				8687609E2C3D949800D8016F /* BusinessHome.swift in Sources */,
				E56EC03B2C442B3900DC96D0 /* BusinessProfile.swift in Sources */,
				86109C7A2C45782A0065C582 /* AddEntry.swift in Sources */,
				863FCFC22C40919B00FDC703 /* JobDataModel.swift in Sources */,
				86956EEE2C4430B200AC0AE9 /* StudentProfile.swift in Sources */,
				AB8477FE2C47A93400CFD363 /* StudentView.swift in Sources */,
				868760982C3D941000D8016F /* SignIn.swift in Sources */,
				8687609C2C3D947C00D8016F /* StudentHome.swift in Sources */,
				8620FDF82C4036FA00C53933 /* OtherHome.swift in Sources */,
				8687606E2C3D939600D8016F /* WorkVineAppApp.swift in Sources */,
				869003842C42BF9400DDF63C /* MyJobs.swift in Sources */,
			);
			runOnlyForDeploymentPostprocessing = 0;
		};
		868760762C3D939700D8016F /* Sources */ = {
			isa = PBXSourcesBuildPhase;
			buildActionMask = 2147483647;
			files = (
				8687607F2C3D939700D8016F /* WorkVineAppTests.swift in Sources */,
			);
			runOnlyForDeploymentPostprocessing = 0;
		};
		868760802C3D939700D8016F /* Sources */ = {
			isa = PBXSourcesBuildPhase;
			buildActionMask = 2147483647;
			files = (
				868760892C3D939700D8016F /* WorkVineAppUITests.swift in Sources */,
				8687608B2C3D939700D8016F /* WorkVineAppUITestsLaunchTests.swift in Sources */,
			);
			runOnlyForDeploymentPostprocessing = 0;
		};
/* End PBXSourcesBuildPhase section */

/* Begin PBXTargetDependency section */
		8687607C2C3D939700D8016F /* PBXTargetDependency */ = {
			isa = PBXTargetDependency;
			target = 868760692C3D939600D8016F /* WorkVineApp */;
			targetProxy = 8687607B2C3D939700D8016F /* PBXContainerItemProxy */;
		};
		868760862C3D939700D8016F /* PBXTargetDependency */ = {
			isa = PBXTargetDependency;
			target = 868760692C3D939600D8016F /* WorkVineApp */;
			targetProxy = 868760852C3D939700D8016F /* PBXContainerItemProxy */;
		};
/* End PBXTargetDependency section */

/* Begin XCBuildConfiguration section */
		8687608C2C3D939700D8016F /* Debug */ = {
			isa = XCBuildConfiguration;
			buildSettings = {
				ALWAYS_SEARCH_USER_PATHS = NO;
				ASSETCATALOG_COMPILER_GENERATE_SWIFT_ASSET_SYMBOL_EXTENSIONS = YES;
				CLANG_ANALYZER_NONNULL = YES;
				CLANG_ANALYZER_NUMBER_OBJECT_CONVERSION = YES_AGGRESSIVE;
				CLANG_CXX_LANGUAGE_STANDARD = "gnu++20";
				CLANG_ENABLE_MODULES = YES;
				CLANG_ENABLE_OBJC_ARC = YES;
				CLANG_ENABLE_OBJC_WEAK = YES;
				CLANG_WARN_BLOCK_CAPTURE_AUTORELEASING = YES;
				CLANG_WARN_BOOL_CONVERSION = YES;
				CLANG_WARN_COMMA = YES;
				CLANG_WARN_CONSTANT_CONVERSION = YES;
				CLANG_WARN_DEPRECATED_OBJC_IMPLEMENTATIONS = YES;
				CLANG_WARN_DIRECT_OBJC_ISA_USAGE = YES_ERROR;
				CLANG_WARN_DOCUMENTATION_COMMENTS = YES;
				CLANG_WARN_EMPTY_BODY = YES;
				CLANG_WARN_ENUM_CONVERSION = YES;
				CLANG_WARN_INFINITE_RECURSION = YES;
				CLANG_WARN_INT_CONVERSION = YES;
				CLANG_WARN_NON_LITERAL_NULL_CONVERSION = YES;
				CLANG_WARN_OBJC_IMPLICIT_RETAIN_SELF = YES;
				CLANG_WARN_OBJC_LITERAL_CONVERSION = YES;
				CLANG_WARN_OBJC_ROOT_CLASS = YES_ERROR;
				CLANG_WARN_QUOTED_INCLUDE_IN_FRAMEWORK_HEADER = YES;
				CLANG_WARN_RANGE_LOOP_ANALYSIS = YES;
				CLANG_WARN_STRICT_PROTOTYPES = YES;
				CLANG_WARN_SUSPICIOUS_MOVE = YES;
				CLANG_WARN_UNGUARDED_AVAILABILITY = YES_AGGRESSIVE;
				CLANG_WARN_UNREACHABLE_CODE = YES;
				CLANG_WARN__DUPLICATE_METHOD_MATCH = YES;
				COPY_PHASE_STRIP = NO;
				DEBUG_INFORMATION_FORMAT = dwarf;
				ENABLE_STRICT_OBJC_MSGSEND = YES;
				ENABLE_TESTABILITY = YES;
				ENABLE_USER_SCRIPT_SANDBOXING = YES;
				GCC_C_LANGUAGE_STANDARD = gnu17;
				GCC_DYNAMIC_NO_PIC = NO;
				GCC_NO_COMMON_BLOCKS = YES;
				GCC_OPTIMIZATION_LEVEL = 0;
				GCC_PREPROCESSOR_DEFINITIONS = (
					"DEBUG=1",
					"$(inherited)",
				);
				GCC_WARN_64_TO_32_BIT_CONVERSION = YES;
				GCC_WARN_ABOUT_RETURN_TYPE = YES_ERROR;
				GCC_WARN_UNDECLARED_SELECTOR = YES;
				GCC_WARN_UNINITIALIZED_AUTOS = YES_AGGRESSIVE;
				GCC_WARN_UNUSED_FUNCTION = YES;
				GCC_WARN_UNUSED_VARIABLE = YES;
				IPHONEOS_DEPLOYMENT_TARGET = 17.5;
				LOCALIZATION_PREFERS_STRING_CATALOGS = YES;
				MTL_ENABLE_DEBUG_INFO = INCLUDE_SOURCE;
				MTL_FAST_MATH = YES;
				ONLY_ACTIVE_ARCH = YES;
				SDKROOT = iphoneos;
				SWIFT_ACTIVE_COMPILATION_CONDITIONS = "DEBUG $(inherited)";
				SWIFT_OPTIMIZATION_LEVEL = "-Onone";
			};
			name = Debug;
		};
		8687608D2C3D939700D8016F /* Release */ = {
			isa = XCBuildConfiguration;
			buildSettings = {
				ALWAYS_SEARCH_USER_PATHS = NO;
				ASSETCATALOG_COMPILER_GENERATE_SWIFT_ASSET_SYMBOL_EXTENSIONS = YES;
				CLANG_ANALYZER_NONNULL = YES;
				CLANG_ANALYZER_NUMBER_OBJECT_CONVERSION = YES_AGGRESSIVE;
				CLANG_CXX_LANGUAGE_STANDARD = "gnu++20";
				CLANG_ENABLE_MODULES = YES;
				CLANG_ENABLE_OBJC_ARC = YES;
				CLANG_ENABLE_OBJC_WEAK = YES;
				CLANG_WARN_BLOCK_CAPTURE_AUTORELEASING = YES;
				CLANG_WARN_BOOL_CONVERSION = YES;
				CLANG_WARN_COMMA = YES;
				CLANG_WARN_CONSTANT_CONVERSION = YES;
				CLANG_WARN_DEPRECATED_OBJC_IMPLEMENTATIONS = YES;
				CLANG_WARN_DIRECT_OBJC_ISA_USAGE = YES_ERROR;
				CLANG_WARN_DOCUMENTATION_COMMENTS = YES;
				CLANG_WARN_EMPTY_BODY = YES;
				CLANG_WARN_ENUM_CONVERSION = YES;
				CLANG_WARN_INFINITE_RECURSION = YES;
				CLANG_WARN_INT_CONVERSION = YES;
				CLANG_WARN_NON_LITERAL_NULL_CONVERSION = YES;
				CLANG_WARN_OBJC_IMPLICIT_RETAIN_SELF = YES;
				CLANG_WARN_OBJC_LITERAL_CONVERSION = YES;
				CLANG_WARN_OBJC_ROOT_CLASS = YES_ERROR;
				CLANG_WARN_QUOTED_INCLUDE_IN_FRAMEWORK_HEADER = YES;
				CLANG_WARN_RANGE_LOOP_ANALYSIS = YES;
				CLANG_WARN_STRICT_PROTOTYPES = YES;
				CLANG_WARN_SUSPICIOUS_MOVE = YES;
				CLANG_WARN_UNGUARDED_AVAILABILITY = YES_AGGRESSIVE;
				CLANG_WARN_UNREACHABLE_CODE = YES;
				CLANG_WARN__DUPLICATE_METHOD_MATCH = YES;
				COPY_PHASE_STRIP = NO;
				DEBUG_INFORMATION_FORMAT = "dwarf-with-dsym";
				ENABLE_NS_ASSERTIONS = NO;
				ENABLE_STRICT_OBJC_MSGSEND = YES;
				ENABLE_USER_SCRIPT_SANDBOXING = YES;
				GCC_C_LANGUAGE_STANDARD = gnu17;
				GCC_NO_COMMON_BLOCKS = YES;
				GCC_WARN_64_TO_32_BIT_CONVERSION = YES;
				GCC_WARN_ABOUT_RETURN_TYPE = YES_ERROR;
				GCC_WARN_UNDECLARED_SELECTOR = YES;
				GCC_WARN_UNINITIALIZED_AUTOS = YES_AGGRESSIVE;
				GCC_WARN_UNUSED_FUNCTION = YES;
				GCC_WARN_UNUSED_VARIABLE = YES;
				IPHONEOS_DEPLOYMENT_TARGET = 17.5;
				LOCALIZATION_PREFERS_STRING_CATALOGS = YES;
				MTL_ENABLE_DEBUG_INFO = NO;
				MTL_FAST_MATH = YES;
				SDKROOT = iphoneos;
				SWIFT_COMPILATION_MODE = wholemodule;
				VALIDATE_PRODUCT = YES;
			};
			name = Release;
		};
		8687608F2C3D939700D8016F /* Debug */ = {
			isa = XCBuildConfiguration;
			buildSettings = {
				ASSETCATALOG_COMPILER_APPICON_NAME = AppIcon;
				ASSETCATALOG_COMPILER_GLOBAL_ACCENT_COLOR_NAME = AccentColor;
				CODE_SIGN_STYLE = Automatic;
				CURRENT_PROJECT_VERSION = 1;
				DEVELOPMENT_ASSET_PATHS = "\"WorkVineApp/Preview Content\"";
				ENABLE_PREVIEWS = YES;
				GENERATE_INFOPLIST_FILE = YES;
				INFOPLIST_KEY_UIApplicationSceneManifest_Generation = YES;
				INFOPLIST_KEY_UIApplicationSupportsIndirectInputEvents = YES;
				INFOPLIST_KEY_UILaunchScreen_Generation = YES;
				INFOPLIST_KEY_UISupportedInterfaceOrientations_iPad = "UIInterfaceOrientationPortrait UIInterfaceOrientationPortraitUpsideDown UIInterfaceOrientationLandscapeLeft UIInterfaceOrientationLandscapeRight";
				INFOPLIST_KEY_UISupportedInterfaceOrientations_iPhone = "UIInterfaceOrientationPortrait UIInterfaceOrientationLandscapeLeft UIInterfaceOrientationLandscapeRight";
				IPHONEOS_DEPLOYMENT_TARGET = 17.2;
				LD_RUNPATH_SEARCH_PATHS = (
					"$(inherited)",
					"@executable_path/Frameworks",
				);
				MARKETING_VERSION = 1.0;
				PRODUCT_BUNDLE_IDENTIFIER = com.Amal.WorkVineApp;
				PRODUCT_NAME = "$(TARGET_NAME)";
				SWIFT_EMIT_LOC_STRINGS = YES;
				SWIFT_VERSION = 5.0;
				TARGETED_DEVICE_FAMILY = "1,2";
			};
			name = Debug;
		};
		868760902C3D939700D8016F /* Release */ = {
			isa = XCBuildConfiguration;
			buildSettings = {
				ASSETCATALOG_COMPILER_APPICON_NAME = AppIcon;
				ASSETCATALOG_COMPILER_GLOBAL_ACCENT_COLOR_NAME = AccentColor;
				CODE_SIGN_STYLE = Automatic;
				CURRENT_PROJECT_VERSION = 1;
				DEVELOPMENT_ASSET_PATHS = "\"WorkVineApp/Preview Content\"";
				ENABLE_PREVIEWS = YES;
				GENERATE_INFOPLIST_FILE = YES;
				INFOPLIST_KEY_UIApplicationSceneManifest_Generation = YES;
				INFOPLIST_KEY_UIApplicationSupportsIndirectInputEvents = YES;
				INFOPLIST_KEY_UILaunchScreen_Generation = YES;
				INFOPLIST_KEY_UISupportedInterfaceOrientations_iPad = "UIInterfaceOrientationPortrait UIInterfaceOrientationPortraitUpsideDown UIInterfaceOrientationLandscapeLeft UIInterfaceOrientationLandscapeRight";
				INFOPLIST_KEY_UISupportedInterfaceOrientations_iPhone = "UIInterfaceOrientationPortrait UIInterfaceOrientationLandscapeLeft UIInterfaceOrientationLandscapeRight";
				IPHONEOS_DEPLOYMENT_TARGET = 17.2;
				LD_RUNPATH_SEARCH_PATHS = (
					"$(inherited)",
					"@executable_path/Frameworks",
				);
				MARKETING_VERSION = 1.0;
				PRODUCT_BUNDLE_IDENTIFIER = com.Amal.WorkVineApp;
				PRODUCT_NAME = "$(TARGET_NAME)";
				SWIFT_EMIT_LOC_STRINGS = YES;
				SWIFT_VERSION = 5.0;
				TARGETED_DEVICE_FAMILY = "1,2";
			};
			name = Release;
		};
		868760922C3D939700D8016F /* Debug */ = {
			isa = XCBuildConfiguration;
			buildSettings = {
				ALWAYS_EMBED_SWIFT_STANDARD_LIBRARIES = YES;
				BUNDLE_LOADER = "$(TEST_HOST)";
				CODE_SIGN_STYLE = Automatic;
				CURRENT_PROJECT_VERSION = 1;
				GENERATE_INFOPLIST_FILE = YES;
				IPHONEOS_DEPLOYMENT_TARGET = 17.5;
				MARKETING_VERSION = 1.0;
				PRODUCT_BUNDLE_IDENTIFIER = com.Amal.WorkVineAppTests;
				PRODUCT_NAME = "$(TARGET_NAME)";
				SWIFT_EMIT_LOC_STRINGS = NO;
				SWIFT_VERSION = 5.0;
				TARGETED_DEVICE_FAMILY = "1,2";
				TEST_HOST = "$(BUILT_PRODUCTS_DIR)/WorkVineApp.app/$(BUNDLE_EXECUTABLE_FOLDER_PATH)/WorkVineApp";
			};
			name = Debug;
		};
		868760932C3D939700D8016F /* Release */ = {
			isa = XCBuildConfiguration;
			buildSettings = {
				ALWAYS_EMBED_SWIFT_STANDARD_LIBRARIES = YES;
				BUNDLE_LOADER = "$(TEST_HOST)";
				CODE_SIGN_STYLE = Automatic;
				CURRENT_PROJECT_VERSION = 1;
				GENERATE_INFOPLIST_FILE = YES;
				IPHONEOS_DEPLOYMENT_TARGET = 17.5;
				MARKETING_VERSION = 1.0;
				PRODUCT_BUNDLE_IDENTIFIER = com.Amal.WorkVineAppTests;
				PRODUCT_NAME = "$(TARGET_NAME)";
				SWIFT_EMIT_LOC_STRINGS = NO;
				SWIFT_VERSION = 5.0;
				TARGETED_DEVICE_FAMILY = "1,2";
				TEST_HOST = "$(BUILT_PRODUCTS_DIR)/WorkVineApp.app/$(BUNDLE_EXECUTABLE_FOLDER_PATH)/WorkVineApp";
			};
			name = Release;
		};
		868760952C3D939700D8016F /* Debug */ = {
			isa = XCBuildConfiguration;
			buildSettings = {
				ALWAYS_EMBED_SWIFT_STANDARD_LIBRARIES = YES;
				CODE_SIGN_STYLE = Automatic;
				CURRENT_PROJECT_VERSION = 1;
				GENERATE_INFOPLIST_FILE = YES;
				MARKETING_VERSION = 1.0;
				PRODUCT_BUNDLE_IDENTIFIER = com.Amal.WorkVineAppUITests;
				PRODUCT_NAME = "$(TARGET_NAME)";
				SWIFT_EMIT_LOC_STRINGS = NO;
				SWIFT_VERSION = 5.0;
				TARGETED_DEVICE_FAMILY = "1,2";
				TEST_TARGET_NAME = WorkVineApp;
			};
			name = Debug;
		};
		868760962C3D939700D8016F /* Release */ = {
			isa = XCBuildConfiguration;
			buildSettings = {
				ALWAYS_EMBED_SWIFT_STANDARD_LIBRARIES = YES;
				CODE_SIGN_STYLE = Automatic;
				CURRENT_PROJECT_VERSION = 1;
				GENERATE_INFOPLIST_FILE = YES;
				MARKETING_VERSION = 1.0;
				PRODUCT_BUNDLE_IDENTIFIER = com.Amal.WorkVineAppUITests;
				PRODUCT_NAME = "$(TARGET_NAME)";
				SWIFT_EMIT_LOC_STRINGS = NO;
				SWIFT_VERSION = 5.0;
				TARGETED_DEVICE_FAMILY = "1,2";
				TEST_TARGET_NAME = WorkVineApp;
			};
			name = Release;
		};
/* End XCBuildConfiguration section */

/* Begin XCConfigurationList section */
		868760652C3D939600D8016F /* Build configuration list for PBXProject "WorkVineApp" */ = {
			isa = XCConfigurationList;
			buildConfigurations = (
				8687608C2C3D939700D8016F /* Debug */,
				8687608D2C3D939700D8016F /* Release */,
			);
			defaultConfigurationIsVisible = 0;
			defaultConfigurationName = Release;
		};
		8687608E2C3D939700D8016F /* Build configuration list for PBXNativeTarget "WorkVineApp" */ = {
			isa = XCConfigurationList;
			buildConfigurations = (
				8687608F2C3D939700D8016F /* Debug */,
				868760902C3D939700D8016F /* Release */,
			);
			defaultConfigurationIsVisible = 0;
			defaultConfigurationName = Release;
		};
		868760912C3D939700D8016F /* Build configuration list for PBXNativeTarget "WorkVineAppTests" */ = {
			isa = XCConfigurationList;
			buildConfigurations = (
				868760922C3D939700D8016F /* Debug */,
				868760932C3D939700D8016F /* Release */,
			);
			defaultConfigurationIsVisible = 0;
			defaultConfigurationName = Release;
		};
		868760942C3D939700D8016F /* Build configuration list for PBXNativeTarget "WorkVineAppUITests" */ = {
			isa = XCConfigurationList;
			buildConfigurations = (
				868760952C3D939700D8016F /* Debug */,
				868760962C3D939700D8016F /* Release */,
			);
			defaultConfigurationIsVisible = 0;
			defaultConfigurationName = Release;
		};
/* End XCConfigurationList section */
	};
	rootObject = 868760622C3D939600D8016F /* Project object */;
}
